
Microsoft Visual Studio Solution File, Format Version 12.00
# Visual Studio Version 17
VisualStudioVersion = 17.0.31919.166
MinimumVisualStudioVersion = 10.0.40219.1
Project("{FAE04EC0-301F-11D3-BF4B-00C04F79EFBC}") = "WeatherApp", "WeatherApp\WeatherApp.csproj", "{69FD45C3-ADC4-45FF-A18B-BE16EE16FFB9}"
EndProject
Project("{FAE04EC0-301F-11D3-BF4B-00C04F79EFBC}") = "WeatherLibrary", "WeatherLibrary\WeatherLibrary.csproj", "{4FADCBAF-F65B-4D00-92B0-539298D18B47}"
EndProject
Global
	GlobalSection(SolutionConfigurationPlatforms) = preSolution
		Debug|Any CPU = Debug|Any CPU
		Release|Any CPU = Release|Any CPU
	EndGlobalSection
	GlobalSection(ProjectConfigurationPlatforms) = postSolution
		{69FD45C3-ADC4-45FF-A18B-BE16EE16FFB9}.Debug|Any CPU.ActiveCfg = Debug|Any CPU
		{69FD45C3-ADC4-45FF-A18B-BE16EE16FFB9}.Debug|Any CPU.Build.0 = Debug|Any CPU
		{69FD45C3-ADC4-45FF-A18B-BE16EE16FFB9}.Release|Any CPU.ActiveCfg = Release|Any CPU
		{69FD45C3-ADC4-45FF-A18B-BE16EE16FFB9}.Release|Any CPU.Build.0 = Release|Any CPU
		{4FADCBAF-F65B-4D00-92B0-539298D18B47}.Debug|Any CPU.ActiveCfg = Debug|Any CPU
		{4FADCBAF-F65B-4D00-92B0-539298D18B47}.Debug|Any CPU.Build.0 = Debug|Any CPU
		{4FADCBAF-F65B-4D00-92B0-539298D18B47}.Release|Any CPU.ActiveCfg = Release|Any CPU
		{4FADCBAF-F65B-4D00-92B0-539298D18B47}.Release|Any CPU.Build.0 = Release|Any CPU
	EndGlobalSection
	GlobalSection(SolutionProperties) = preSolution
		HideSolutionNode = FALSE
	EndGlobalSection
	GlobalSection(ExtensibilityGlobals) = postSolution
		SolutionGuid = {EEEF8FCB-A1F8-4456-9D75-142FE4CDE9C3}
	EndGlobalSection
EndGlobal
